
Microsoft Visual Studio Solution File, Format Version 12.00
# Visual Studio Version 17
VisualStudioVersion = 17.9.34607.119
MinimumVisualStudioVersion = 10.0.40219.1
Project("{FAE04EC0-301F-11D3-BF4B-00C04F79EFBC}") = "Laiterekisteri", "Laiterekisteri.csproj", "{72F11DE9-6196-43A7-B8B3-D17C6504796C}"
EndProject
Global
	GlobalSection(SolutionConfigurationPlatforms) = preSolution
		Debug|Any CPU = Debug|Any CPU
		Release|Any CPU = Release|Any CPU
	EndGlobalSection
	GlobalSection(ProjectConfigurationPlatforms) = postSolution
		{72F11DE9-6196-43A7-B8B3-D17C6504796C}.Debug|Any CPU.ActiveCfg = Debug|Any CPU
		{72F11DE9-6196-43A7-B8B3-D17C6504796C}.Debug|Any CPU.Build.0 = Debug|Any CPU
		{72F11DE9-6196-43A7-B8B3-D17C6504796C}.Release|Any CPU.ActiveCfg = Release|Any CPU
		{72F11DE9-6196-43A7-B8B3-D17C6504796C}.Release|Any CPU.Build.0 = Release|Any CPU
	EndGlobalSection
	GlobalSection(SolutionProperties) = preSolution
		HideSolutionNode = FALSE
	EndGlobalSection
	GlobalSection(ExtensibilityGlobals) = postSolution
		SolutionGuid = {1691935F-174F-4DFF-843A-4AA76E4862FC}
	EndGlobalSection
EndGlobal
